// !$*UTF8*$!
{
	archiveVersion = 1;
	classes = {
	};
	objectVersion = 50;
	objects = {

/* Begin PBXBuildFile section */
		F9C57A2C265E7E3700E8C5B9 /* AppDelegate.swift in Sources */ = {isa = PBXBuildFile; fileRef = F9C57A2B265E7E3700E8C5B9 /* AppDelegate.swift */; };
		F9C57A2E265E7E3700E8C5B9 /* SceneDelegate.swift in Sources */ = {isa = PBXBuildFile; fileRef = F9C57A2D265E7E3700E8C5B9 /* SceneDelegate.swift */; };
		F9C57A30265E7E3700E8C5B9 /* ContentView.swift in Sources */ = {isa = PBXBuildFile; fileRef = F9C57A2F265E7E3700E8C5B9 /* ContentView.swift */; };
		F9C57A32265E7E3A00E8C5B9 /* Assets.xcassets in Resources */ = {isa = PBXBuildFile; fileRef = F9C57A31265E7E3A00E8C5B9 /* Assets.xcassets */; };
		F9C57A35265E7E3A00E8C5B9 /* Preview Assets.xcassets in Resources */ = {isa = PBXBuildFile; fileRef = F9C57A34265E7E3A00E8C5B9 /* Preview Assets.xcassets */; };
		F9C57A38265E7E3A00E8C5B9 /* LaunchScreen.storyboard in Resources */ = {isa = PBXBuildFile; fileRef = F9C57A36265E7E3A00E8C5B9 /* LaunchScreen.storyboard */; };
		F9C57A41265E8CC900E8C5B9 /* HomeView.swift in Sources */ = {isa = PBXBuildFile; fileRef = F9C57A40265E8CC900E8C5B9 /* HomeView.swift */; };
		F9C57A44265E8DEE00E8C5B9 /* TimelineDetailView.swift in Sources */ = {isa = PBXBuildFile; fileRef = F9C57A43265E8DEE00E8C5B9 /* TimelineDetailView.swift */; };
		F9C57A48265E8F1900E8C5B9 /* TimelineView.swift in Sources */ = {isa = PBXBuildFile; fileRef = F9C57A47265E8F1900E8C5B9 /* TimelineView.swift */; };
		F9C57A4F265E9FAA00E8C5B9 /* ProfileView.swift in Sources */ = {isa = PBXBuildFile; fileRef = F9C57A4E265E9FAA00E8C5B9 /* ProfileView.swift */; };
/* End PBXBuildFile section */

/* Begin PBXFileReference section */
		F9C57A28265E7E3700E8C5B9 /* VumonicTask.app */ = {isa = PBXFileReference; explicitFileType = wrapper.application; includeInIndex = 0; path = VumonicTask.app; sourceTree = BUILT_PRODUCTS_DIR; };
		F9C57A2B265E7E3700E8C5B9 /* AppDelegate.swift */ = {isa = PBXFileReference; lastKnownFileType = sourcecode.swift; path = AppDelegate.swift; sourceTree = "<group>"; };
		F9C57A2D265E7E3700E8C5B9 /* SceneDelegate.swift */ = {isa = PBXFileReference; lastKnownFileType = sourcecode.swift; path = SceneDelegate.swift; sourceTree = "<group>"; };
		F9C57A2F265E7E3700E8C5B9 /* ContentView.swift */ = {isa = PBXFileReference; lastKnownFileType = sourcecode.swift; path = ContentView.swift; sourceTree = "<group>"; };
		F9C57A31265E7E3A00E8C5B9 /* Assets.xcassets */ = {isa = PBXFileReference; lastKnownFileType = folder.assetcatalog; path = Assets.xcassets; sourceTree = "<group>"; };
		F9C57A34265E7E3A00E8C5B9 /* Preview Assets.xcassets */ = {isa = PBXFileReference; lastKnownFileType = folder.assetcatalog; path = "Preview Assets.xcassets"; sourceTree = "<group>"; };
		F9C57A37265E7E3A00E8C5B9 /* Base */ = {isa = PBXFileReference; lastKnownFileType = file.storyboard; name = Base; path = Base.lproj/LaunchScreen.storyboard; sourceTree = "<group>"; };
		F9C57A39265E7E3A00E8C5B9 /* Info.plist */ = {isa = PBXFileReference; lastKnownFileType = text.plist.xml; path = Info.plist; sourceTree = "<group>"; };
		F9C57A40265E8CC900E8C5B9 /* HomeView.swift */ = {isa = PBXFileReference; lastKnownFileType = sourcecode.swift; path = HomeView.swift; sourceTree = "<group>"; };
		F9C57A43265E8DEE00E8C5B9 /* TimelineDetailView.swift */ = {isa = PBXFileReference; lastKnownFileType = sourcecode.swift; path = TimelineDetailView.swift; sourceTree = "<group>"; };
		F9C57A47265E8F1900E8C5B9 /* TimelineView.swift */ = {isa = PBXFileReference; lastKnownFileType = sourcecode.swift; path = TimelineView.swift; sourceTree = "<group>"; };
		F9C57A4E265E9FAA00E8C5B9 /* ProfileView.swift */ = {isa = PBXFileReference; lastKnownFileType = sourcecode.swift; path = ProfileView.swift; sourceTree = "<group>"; };
/* End PBXFileReference section */

/* Begin PBXFrameworksBuildPhase section */
		F9C57A25265E7E3700E8C5B9 /* Frameworks */ = {
			isa = PBXFrameworksBuildPhase;
			buildActionMask = 2147483647;
			files = (
			);
			runOnlyForDeploymentPostprocessing = 0;
		};
/* End PBXFrameworksBuildPhase section */

/* Begin PBXGroup section */
		F9C57A1F265E7E3700E8C5B9 = {
			isa = PBXGroup;
			children = (
				F9C57A2A265E7E3700E8C5B9 /* VumonicTask */,
				F9C57A29265E7E3700E8C5B9 /* Products */,
			);
			sourceTree = "<group>";
		};
		F9C57A29265E7E3700E8C5B9 /* Products */ = {
			isa = PBXGroup;
			children = (
				F9C57A28265E7E3700E8C5B9 /* VumonicTask.app */,
			);
			name = Products;
			sourceTree = "<group>";
		};
		F9C57A2A265E7E3700E8C5B9 /* VumonicTask */ = {
			isa = PBXGroup;
			children = (
				F9C57A2D265E7E3700E8C5B9 /* SceneDelegate.swift */,
				F9C57A2B265E7E3700E8C5B9 /* AppDelegate.swift */,
				F9C57A2F265E7E3700E8C5B9 /* ContentView.swift */,
				F9C57A4C265E9F5000E8C5B9 /* Home */,
				F9C57A4D265E9F6B00E8C5B9 /* Profile */,
				F9C57A31265E7E3A00E8C5B9 /* Assets.xcassets */,
				F9C57A36265E7E3A00E8C5B9 /* LaunchScreen.storyboard */,
				F9C57A39265E7E3A00E8C5B9 /* Info.plist */,
				F9C57A33265E7E3A00E8C5B9 /* Preview Content */,
			);
			path = VumonicTask;
			sourceTree = "<group>";
		};
		F9C57A33265E7E3A00E8C5B9 /* Preview Content */ = {
			isa = PBXGroup;
			children = (
				F9C57A34265E7E3A00E8C5B9 /* Preview Assets.xcassets */,
			);
			path = "Preview Content";
			sourceTree = "<group>";
		};
		F9C57A4C265E9F5000E8C5B9 /* Home */ = {
			isa = PBXGroup;
			children = (
				F9C57A40265E8CC900E8C5B9 /* HomeView.swift */,
				F9C57A43265E8DEE00E8C5B9 /* TimelineDetailView.swift */,
			);
			path = Home;
			sourceTree = "<group>";
		};
		F9C57A4D265E9F6B00E8C5B9 /* Profile */ = {
			isa = PBXGroup;
			children = (
				F9C57A4E265E9FAA00E8C5B9 /* ProfileView.swift */,
				F9C57A47265E8F1900E8C5B9 /* TimelineView.swift */,
			);
			path = Profile;
			sourceTree = "<group>";
		};
/* End PBXGroup section */

/* Begin PBXNativeTarget section */
		F9C57A27265E7E3700E8C5B9 /* VumonicTask */ = {
			isa = PBXNativeTarget;
			buildConfigurationList = F9C57A3C265E7E3A00E8C5B9 /* Build configuration list for PBXNativeTarget "VumonicTask" */;
			buildPhases = (
				F9C57A24265E7E3700E8C5B9 /* Sources */,
				F9C57A25265E7E3700E8C5B9 /* Frameworks */,
				F9C57A26265E7E3700E8C5B9 /* Resources */,
			);
			buildRules = (
			);
			dependencies = (
			);
			name = VumonicTask;
			productName = VumonicTask;
			productReference = F9C57A28265E7E3700E8C5B9 /* VumonicTask.app */;
			productType = "com.apple.product-type.application";
		};
/* End PBXNativeTarget section */

/* Begin PBXProject section */
		F9C57A20265E7E3700E8C5B9 /* Project object */ = {
			isa = PBXProject;
			attributes = {
				LastSwiftUpdateCheck = 1240;
				LastUpgradeCheck = 1240;
				TargetAttributes = {
					F9C57A27265E7E3700E8C5B9 = {
						CreatedOnToolsVersion = 12.4;
					};
				};
			};
			buildConfigurationList = F9C57A23265E7E3700E8C5B9 /* Build configuration list for PBXProject "VumonicTask" */;
			compatibilityVersion = "Xcode 9.3";
			developmentRegion = en;
			hasScannedForEncodings = 0;
			knownRegions = (
				en,
				Base,
			);
			mainGroup = F9C57A1F265E7E3700E8C5B9;
			productRefGroup = F9C57A29265E7E3700E8C5B9 /* Products */;
			projectDirPath = "";
			projectRoot = "";
			targets = (
				F9C57A27265E7E3700E8C5B9 /* VumonicTask */,
			);
		};
/* End PBXProject section */

/* Begin PBXResourcesBuildPhase section */
		F9C57A26265E7E3700E8C5B9 /* Resources */ = {
			isa = PBXResourcesBuildPhase;
			buildActionMask = 2147483647;
			files = (
				F9C57A38265E7E3A00E8C5B9 /* LaunchScreen.storyboard in Resources */,
				F9C57A35265E7E3A00E8C5B9 /* Preview Assets.xcassets in Resources */,
				F9C57A32265E7E3A00E8C5B9 /* Assets.xcassets in Resources */,
			);
			runOnlyForDeploymentPostprocessing = 0;
		};
/* End PBXResourcesBuildPhase section */

/* Begin PBXSourcesBuildPhase section */
		F9C57A24265E7E3700E8C5B9 /* Sources */ = {
			isa = PBXSourcesBuildPhase;
			buildActionMask = 2147483647;
			files = (
				F9C57A2C265E7E3700E8C5B9 /* AppDelegate.swift in Sources */,
				F9C57A48265E8F1900E8C5B9 /* TimelineView.swift in Sources */,
				F9C57A41265E8CC900E8C5B9 /* HomeView.swift in Sources */,
				F9C57A2E265E7E3700E8C5B9 /* SceneDelegate.swift in Sources */,
				F9C57A44265E8DEE00E8C5B9 /* TimelineDetailView.swift in Sources */,
				F9C57A4F265E9FAA00E8C5B9 /* ProfileView.swift in Sources */,
				F9C57A30265E7E3700E8C5B9 /* ContentView.swift in Sources */,
			);
			runOnlyForDeploymentPostprocessing = 0;
		};
/* End PBXSourcesBuildPhase section */

/* Begin PBXVariantGroup section */
		F9C57A36265E7E3A00E8C5B9 /* LaunchScreen.storyboard */ = {
			isa = PBXVariantGroup;
			children = (
				F9C57A37265E7E3A00E8C5B9 /* Base */,
			);
			name = LaunchScreen.storyboard;
			sourceTree = "<group>";
		};
/* End PBXVariantGroup section */

/* Begin XCBuildConfiguration section */
		F9C57A3A265E7E3A00E8C5B9 /* Debug */ = {
			isa = XCBuildConfiguration;
			buildSettings = {
				ALWAYS_SEARCH_USER_PATHS = NO;
				CLANG_ANALYZER_NONNULL = YES;
				CLANG_ANALYZER_NUMBER_OBJECT_CONVERSION = YES_AGGRESSIVE;
				CLANG_CXX_LANGUAGE_STANDARD = "gnu++14";
				CLANG_CXX_LIBRARY = "libc++";
				CLANG_ENABLE_MODULES = YES;
				CLANG_ENABLE_OBJC_ARC = YES;
				CLANG_ENABLE_OBJC_WEAK = YES;
				CLANG_WARN_BLOCK_CAPTURE_AUTORELEASING = YES;
				CLANG_WARN_BOOL_CONVERSION = YES;
				CLANG_WARN_COMMA = YES;
				CLANG_WARN_CONSTANT_CONVERSION = YES;
				CLANG_WARN_DEPRECATED_OBJC_IMPLEMENTATIONS = YES;
				CLANG_WARN_DIRECT_OBJC_ISA_USAGE = YES_ERROR;
				CLANG_WARN_DOCUMENTATION_COMMENTS = YES;
				CLANG_WARN_EMPTY_BODY = YES;
				CLANG_WARN_ENUM_CONVERSION = YES;
				CLANG_WARN_INFINITE_RECURSION = YES;
				CLANG_WARN_INT_CONVERSION = YES;
				CLANG_WARN_NON_LITERAL_NULL_CONVERSION = YES;
				CLANG_WARN_OBJC_IMPLICIT_RETAIN_SELF = YES;
				CLANG_WARN_OBJC_LITERAL_CONVERSION = YES;
				CLANG_WARN_OBJC_ROOT_CLASS = YES_ERROR;
				CLANG_WARN_QUOTED_INCLUDE_IN_FRAMEWORK_HEADER = YES;
				CLANG_WARN_RANGE_LOOP_ANALYSIS = YES;
				CLANG_WARN_STRICT_PROTOTYPES = YES;
				CLANG_WARN_SUSPICIOUS_MOVE = YES;
				CLANG_WARN_UNGUARDED_AVAILABILITY = YES_AGGRESSIVE;
				CLANG_WARN_UNREACHABLE_CODE = YES;
				CLANG_WARN__DUPLICATE_METHOD_MATCH = YES;
				COPY_PHASE_STRIP = NO;
				DEBUG_INFORMATION_FORMAT = dwarf;
				ENABLE_STRICT_OBJC_MSGSEND = YES;
				ENABLE_TESTABILITY = YES;
				GCC_C_LANGUAGE_STANDARD = gnu11;
				GCC_DYNAMIC_NO_PIC = NO;
				GCC_NO_COMMON_BLOCKS = YES;
				GCC_OPTIMIZATION_LEVEL = 0;
				GCC_PREPROCESSOR_DEFINITIONS = (
					"DEBUG=1",
					"$(inherited)",
				);
				GCC_WARN_64_TO_32_BIT_CONVERSION = YES;
				GCC_WARN_ABOUT_RETURN_TYPE = YES_ERROR;
				GCC_WARN_UNDECLARED_SELECTOR = YES;
				GCC_WARN_UNINITIALIZED_AUTOS = YES_AGGRESSIVE;
				GCC_WARN_UNUSED_FUNCTION = YES;
				GCC_WARN_UNUSED_VARIABLE = YES;
				IPHONEOS_DEPLOYMENT_TARGET = 14.4;
				MTL_ENABLE_DEBUG_INFO = INCLUDE_SOURCE;
				MTL_FAST_MATH = YES;
				ONLY_ACTIVE_ARCH = YES;
				SDKROOT = iphoneos;
				SWIFT_ACTIVE_COMPILATION_CONDITIONS = DEBUG;
				SWIFT_OPTIMIZATION_LEVEL = "-Onone";
			};
			name = Debug;
		};
		F9C57A3B265E7E3A00E8C5B9 /* Release */ = {
			isa = XCBuildConfiguration;
			buildSettings = {
				ALWAYS_SEARCH_USER_PATHS = NO;
				CLANG_ANALYZER_NONNULL = YES;
				CLANG_ANALYZER_NUMBER_OBJECT_CONVERSION = YES_AGGRESSIVE;
				CLANG_CXX_LANGUAGE_STANDARD = "gnu++14";
				CLANG_CXX_LIBRARY = "libc++";
				CLANG_ENABLE_MODULES = YES;
				CLANG_ENABLE_OBJC_ARC = YES;
				CLANG_ENABLE_OBJC_WEAK = YES;
				CLANG_WARN_BLOCK_CAPTURE_AUTORELEASING = YES;
				CLANG_WARN_BOOL_CONVERSION = YES;
				CLANG_WARN_COMMA = YES;
				CLANG_WARN_CONSTANT_CONVERSION = YES;
				CLANG_WARN_DEPRECATED_OBJC_IMPLEMENTATIONS = YES;
				CLANG_WARN_DIRECT_OBJC_ISA_USAGE = YES_ERROR;
				CLANG_WARN_DOCUMENTATION_COMMENTS = YES;
				CLANG_WARN_EMPTY_BODY = YES;
				CLANG_WARN_ENUM_CONVERSION = YES;
				CLANG_WARN_INFINITE_RECURSION = YES;
				CLANG_WARN_INT_CONVERSION = YES;
				CLANG_WARN_NON_LITERAL_NULL_CONVERSION = YES;
				CLANG_WARN_OBJC_IMPLICIT_RETAIN_SELF = YES;
				CLANG_WARN_OBJC_LITERAL_CONVERSION = YES;
				CLANG_WARN_OBJC_ROOT_CLASS = YES_ERROR;
				CLANG_WARN_QUOTED_INCLUDE_IN_FRAMEWORK_HEADER = YES;
				CLANG_WARN_RANGE_LOOP_ANALYSIS = YES;
				CLANG_WARN_STRICT_PROTOTYPES = YES;
				CLANG_WARN_SUSPICIOUS_MOVE = YES;
				CLANG_WARN_UNGUARDED_AVAILABILITY = YES_AGGRESSIVE;
				CLANG_WARN_UNREACHABLE_CODE = YES;
				CLANG_WARN__DUPLICATE_METHOD_MATCH = YES;
				COPY_PHASE_STRIP = NO;
				DEBUG_INFORMATION_FORMAT = "dwarf-with-dsym";
				ENABLE_NS_ASSERTIONS = NO;
				ENABLE_STRICT_OBJC_MSGSEND = YES;
				GCC_C_LANGUAGE_STANDARD = gnu11;
				GCC_NO_COMMON_BLOCKS = YES;
				GCC_WARN_64_TO_32_BIT_CONVERSION = YES;
				GCC_WARN_ABOUT_RETURN_TYPE = YES_ERROR;
				GCC_WARN_UNDECLARED_SELECTOR = YES;
				GCC_WARN_UNINITIALIZED_AUTOS = YES_AGGRESSIVE;
				GCC_WARN_UNUSED_FUNCTION = YES;
				GCC_WARN_UNUSED_VARIABLE = YES;
				IPHONEOS_DEPLOYMENT_TARGET = 14.4;
				MTL_ENABLE_DEBUG_INFO = NO;
				MTL_FAST_MATH = YES;
				SDKROOT = iphoneos;
				SWIFT_COMPILATION_MODE = wholemodule;
				SWIFT_OPTIMIZATION_LEVEL = "-O";
				VALIDATE_PRODUCT = YES;
			};
			name = Release;
		};
		F9C57A3D265E7E3A00E8C5B9 /* Debug */ = {
			isa = XCBuildConfiguration;
			buildSettings = {
				ASSETCATALOG_COMPILER_APPICON_NAME = AppIcon;
				ASSETCATALOG_COMPILER_GLOBAL_ACCENT_COLOR_NAME = AccentColor;
				CODE_SIGN_STYLE = Automatic;
				DEVELOPMENT_ASSET_PATHS = "\"VumonicTask/Preview Content\"";
				DEVELOPMENT_TEAM = P9L7BD8U8N;
				ENABLE_PREVIEWS = YES;
				INFOPLIST_FILE = VumonicTask/Info.plist;
				LD_RUNPATH_SEARCH_PATHS = (
					"$(inherited)",
					"@executable_path/Frameworks",
				);
				PRODUCT_BUNDLE_IDENTIFIER = com.techsusha.VumonicTask;
				PRODUCT_NAME = "$(TARGET_NAME)";
				SWIFT_VERSION = 5.0;
				TARGETED_DEVICE_FAMILY = "1,2";
			};
			name = Debug;
		};
		F9C57A3E265E7E3A00E8C5B9 /* Release */ = {
			isa = XCBuildConfiguration;
			buildSettings = {
				ASSETCATALOG_COMPILER_APPICON_NAME = AppIcon;
				ASSETCATALOG_COMPILER_GLOBAL_ACCENT_COLOR_NAME = AccentColor;
				CODE_SIGN_STYLE = Automatic;
				DEVELOPMENT_ASSET_PATHS = "\"VumonicTask/Preview Content\"";
				DEVELOPMENT_TEAM = P9L7BD8U8N;
				ENABLE_PREVIEWS = YES;
				INFOPLIST_FILE = VumonicTask/Info.plist;
				LD_RUNPATH_SEARCH_PATHS = (
					"$(inherited)",
					"@executable_path/Frameworks",
				);
				PRODUCT_BUNDLE_IDENTIFIER = com.techsusha.VumonicTask;
				PRODUCT_NAME = "$(TARGET_NAME)";
				SWIFT_VERSION = 5.0;
				TARGETED_DEVICE_FAMILY = "1,2";
			};
			name = Release;
		};
/* End XCBuildConfiguration section */

/* Begin XCConfigurationList section */
		F9C57A23265E7E3700E8C5B9 /* Build configuration list for PBXProject "VumonicTask" */ = {
			isa = XCConfigurationList;
			buildConfigurations = (
				F9C57A3A265E7E3A00E8C5B9 /* Debug */,
				F9C57A3B265E7E3A00E8C5B9 /* Release */,
			);
			defaultConfigurationIsVisible = 0;
			defaultConfigurationName = Release;
		};
		F9C57A3C265E7E3A00E8C5B9 /* Build configuration list for PBXNativeTarget "VumonicTask" */ = {
			isa = XCConfigurationList;
			buildConfigurations = (
				F9C57A3D265E7E3A00E8C5B9 /* Debug */,
				F9C57A3E265E7E3A00E8C5B9 /* Release */,
			);
			defaultConfigurationIsVisible = 0;
			defaultConfigurationName = Release;
		};
/* End XCConfigurationList section */
	};
	rootObject = F9C57A20265E7E3700E8C5B9 /* Project object */;
}
